
Microsoft Visual Studio Solution File, Format Version 12.00
# Visual Studio Version 16
VisualStudioVersion = 16.0.29306.81
MinimumVisualStudioVersion = 10.0.40219.1
Project("{9A19103F-16F7-4668-BE54-9A1E7A4F7556}") = "Shinobytes.Ravenfall.HeaderlessClient", "src\Tests\Shinobytes.Ravenfall.TestClient\Shinobytes.Ravenfall.HeaderlessClient.csproj", "{D6525D91-EB14-49E6-9550-2338FA5BFA8D}"
EndProject
Project("{9A19103F-16F7-4668-BE54-9A1E7A4F7556}") = "Shinobytes.Ravenfall.RavenNet", "src\Libraries\Shinobytes.Ravenfall.RavenNet\Shinobytes.Ravenfall.RavenNet.csproj", "{182ED9CE-9688-456E-97A7-FD6BC374C000}"
EndProject
Project("{2150E333-8FDC-42A3-9474-1A3956D46DE8}") = "Servers", "Servers", "{3CE206F8-D2FF-4CFF-9E80-CAEF18C9D90F}"
EndProject
Project("{2150E333-8FDC-42A3-9474-1A3956D46DE8}") = "Network", "Network", "{F57D1AC3-8F31-42FC-94ED-EBCBF4989930}"
EndProject
Project("{9A19103F-16F7-4668-BE54-9A1E7A4F7556}") = "Shinobytes.Ravenfall.RavenNet.Server", "src\Libraries\Shinobytes.Ravenfall.RavenNet.Server\Shinobytes.Ravenfall.RavenNet.Server.csproj", "{9BC6BDB7-FD4C-41DC-93E0-FEB11D58F90F}"
EndProject
Project("{2150E333-8FDC-42A3-9474-1A3956D46DE8}") = "Tests", "Tests", "{D392FECE-3688-42B4-9DAE-3B8E5D2D2803}"
EndProject
Project("{9A19103F-16F7-4668-BE54-9A1E7A4F7556}") = "RavenNet.Tests", "src\Tests\RavenNet.Tests\RavenNet.Tests.csproj", "{D6342C8C-6C7C-491F-883F-B821B2826FEA}"
EndProject
Project("{2150E333-8FDC-42A3-9474-1A3956D46DE8}") = "Documentation", "Documentation", "{7B04CC41-ECFB-4E0A-9E76-3130FAEA6367}"
	ProjectSection(SolutionItems) = preProject
		src\README.md = src\README.md
	EndProjectSection
EndProject
Project("{9A19103F-16F7-4668-BE54-9A1E7A4F7556}") = "GameServer", "src\Servers\GameServer\GameServer.csproj", "{F9BC7282-6FC8-4F05-AAE4-598742524DEB}"
EndProject
Project("{9A19103F-16F7-4668-BE54-9A1E7A4F7556}") = "Shinobytes.Ravenfall.Data", "src\Libraries\Shinobytes.Ravenfall.Data\Shinobytes.Ravenfall.Data.csproj", "{F1FB6F5C-A0FB-4837-B9E4-DFFB524ED505}"
EndProject
Project("{9A19103F-16F7-4668-BE54-9A1E7A4F7556}") = "Shinobytes.Ravenfall.DataModels", "src\Libraries\Shinobytes.Ravenfall.DataModels\Shinobytes.Ravenfall.DataModels.csproj", "{F4B907A1-E39C-4C2E-97CC-A8FABDEAB06A}"
EndProject
Project("{9A19103F-16F7-4668-BE54-9A1E7A4F7556}") = "Shinobytes.Ravenfall.Core", "src\Libraries\Shinobytes.Ravenfall.Core\Shinobytes.Ravenfall.Core.csproj", "{B88E1A0B-7F81-4F4F-8307-C287F9A377EA}"
EndProject
Project("{9A19103F-16F7-4668-BE54-9A1E7A4F7556}") = "Shinobytes.Ravenfall.Data.Entities", "src\Libraries\Shinobytes.Ravenfall.Data.Entities\Shinobytes.Ravenfall.Data.Entities.csproj", "{72111327-A942-4F75-94E2-ABF2A687F08C}"
EndProject
Project("{9A19103F-16F7-4668-BE54-9A1E7A4F7556}") = "Shinobytes.Ravenfall.Data.EntityFramework", "src\Libraries\Shinobytes.Ravenfall.Data.EntityFramework\Shinobytes.Ravenfall.Data.EntityFramework.csproj", "{9DE7551D-4265-4887-BB3E-94A2F4C764A8}"
EndProject
Project("{2150E333-8FDC-42A3-9474-1A3956D46DE8}") = "Core", "Core", "{937DD41E-7CDC-45DB-AC60-FAF180CF4EB0}"
EndProject
Project("{2150E333-8FDC-42A3-9474-1A3956D46DE8}") = "Libs", "Libs", "{86EF8A53-CEA1-4FD0-869D-57FD561AD7CC}"
EndProject
Project("{2150E333-8FDC-42A3-9474-1A3956D46DE8}") = "Data", "Data", "{A3277737-5766-4EA0-945B-7BD5524CF094}"
EndProject
Project("{9A19103F-16F7-4668-BE54-9A1E7A4F7556}") = "Shinobytes.Ravenfall.RavenNet.Client", "src\Libraries\Shinobytes.Ravenfall.RavenNet.Client\Shinobytes.Ravenfall.RavenNet.Client.csproj", "{1AC9E97F-596A-4D17-B2C2-F120F2A99F86}"
EndProject
Project("{9A19103F-16F7-4668-BE54-9A1E7A4F7556}") = "AuthServer", "src\Servers\AuthServer\AuthServer.csproj", "{95787395-66A9-45E8-B517-D70A89D6B454}"
EndProject
Project("{9A19103F-16F7-4668-BE54-9A1E7A4F7556}") = "FrontServer", "src\Servers\FrontServer\FrontServer.csproj", "{35DB0CB8-20E9-4312-B8E5-89A604193E0D}"
EndProject
Project("{2150E333-8FDC-42A3-9474-1A3956D46DE8}") = "Centralized Chat Bot", "Centralized Chat Bot", "{936E7938-A366-4B62-9AA4-75146F31ADF9}"
EndProject
Project("{9A19103F-16F7-4668-BE54-9A1E7A4F7556}") = "ROBot", "src\Bot\ROBot\ROBot.csproj", "{68AF4AE9-905F-46C7-8755-FDE7450870E2}"
EndProject
Project("{9A19103F-16F7-4668-BE54-9A1E7A4F7556}") = "ROBot.Core", "src\Bot\ROBot.Core\ROBot.Core.csproj", "{C5D15C83-22A1-49F4-936C-422998917E0C}"
EndProject
Project("{FAE04EC0-301F-11D3-BF4B-00C04F79EFBC}") = "Shinobytes.Ravenfall.RavenNet.Packets", "src\Libraries\Shinobytes.Ravenfall.RavenNet.Packets\Shinobytes.Ravenfall.RavenNet.Packets.csproj", "{1812668C-297C-4257-A507-18F3FA156A52}"
EndProject
Global
	GlobalSection(SolutionConfigurationPlatforms) = preSolution
		Debug|Any CPU = Debug|Any CPU
		Release|Any CPU = Release|Any CPU
	EndGlobalSection
	GlobalSection(ProjectConfigurationPlatforms) = postSolution
		{D6525D91-EB14-49E6-9550-2338FA5BFA8D}.Debug|Any CPU.ActiveCfg = Debug|Any CPU
		{D6525D91-EB14-49E6-9550-2338FA5BFA8D}.Debug|Any CPU.Build.0 = Debug|Any CPU
		{D6525D91-EB14-49E6-9550-2338FA5BFA8D}.Release|Any CPU.ActiveCfg = Release|Any CPU
		{D6525D91-EB14-49E6-9550-2338FA5BFA8D}.Release|Any CPU.Build.0 = Release|Any CPU
		{182ED9CE-9688-456E-97A7-FD6BC374C000}.Debug|Any CPU.ActiveCfg = Debug|Any CPU
		{182ED9CE-9688-456E-97A7-FD6BC374C000}.Debug|Any CPU.Build.0 = Debug|Any CPU
		{182ED9CE-9688-456E-97A7-FD6BC374C000}.Release|Any CPU.ActiveCfg = Release|Any CPU
		{182ED9CE-9688-456E-97A7-FD6BC374C000}.Release|Any CPU.Build.0 = Release|Any CPU
		{9BC6BDB7-FD4C-41DC-93E0-FEB11D58F90F}.Debug|Any CPU.ActiveCfg = Debug|Any CPU
		{9BC6BDB7-FD4C-41DC-93E0-FEB11D58F90F}.Debug|Any CPU.Build.0 = Debug|Any CPU
		{9BC6BDB7-FD4C-41DC-93E0-FEB11D58F90F}.Release|Any CPU.ActiveCfg = Release|Any CPU
		{9BC6BDB7-FD4C-41DC-93E0-FEB11D58F90F}.Release|Any CPU.Build.0 = Release|Any CPU
		{D6342C8C-6C7C-491F-883F-B821B2826FEA}.Debug|Any CPU.ActiveCfg = Debug|Any CPU
		{D6342C8C-6C7C-491F-883F-B821B2826FEA}.Debug|Any CPU.Build.0 = Debug|Any CPU
		{D6342C8C-6C7C-491F-883F-B821B2826FEA}.Release|Any CPU.ActiveCfg = Release|Any CPU
		{D6342C8C-6C7C-491F-883F-B821B2826FEA}.Release|Any CPU.Build.0 = Release|Any CPU
		{F9BC7282-6FC8-4F05-AAE4-598742524DEB}.Debug|Any CPU.ActiveCfg = Debug|Any CPU
		{F9BC7282-6FC8-4F05-AAE4-598742524DEB}.Debug|Any CPU.Build.0 = Debug|Any CPU
		{F9BC7282-6FC8-4F05-AAE4-598742524DEB}.Release|Any CPU.ActiveCfg = Release|Any CPU
		{F9BC7282-6FC8-4F05-AAE4-598742524DEB}.Release|Any CPU.Build.0 = Release|Any CPU
		{F1FB6F5C-A0FB-4837-B9E4-DFFB524ED505}.Debug|Any CPU.ActiveCfg = Debug|Any CPU
		{F1FB6F5C-A0FB-4837-B9E4-DFFB524ED505}.Debug|Any CPU.Build.0 = Debug|Any CPU
		{F1FB6F5C-A0FB-4837-B9E4-DFFB524ED505}.Release|Any CPU.ActiveCfg = Release|Any CPU
		{F1FB6F5C-A0FB-4837-B9E4-DFFB524ED505}.Release|Any CPU.Build.0 = Release|Any CPU
		{F4B907A1-E39C-4C2E-97CC-A8FABDEAB06A}.Debug|Any CPU.ActiveCfg = Debug|Any CPU
		{F4B907A1-E39C-4C2E-97CC-A8FABDEAB06A}.Debug|Any CPU.Build.0 = Debug|Any CPU
		{F4B907A1-E39C-4C2E-97CC-A8FABDEAB06A}.Release|Any CPU.ActiveCfg = Release|Any CPU
		{F4B907A1-E39C-4C2E-97CC-A8FABDEAB06A}.Release|Any CPU.Build.0 = Release|Any CPU
		{B88E1A0B-7F81-4F4F-8307-C287F9A377EA}.Debug|Any CPU.ActiveCfg = Debug|Any CPU
		{B88E1A0B-7F81-4F4F-8307-C287F9A377EA}.Debug|Any CPU.Build.0 = Debug|Any CPU
		{B88E1A0B-7F81-4F4F-8307-C287F9A377EA}.Release|Any CPU.ActiveCfg = Release|Any CPU
		{B88E1A0B-7F81-4F4F-8307-C287F9A377EA}.Release|Any CPU.Build.0 = Release|Any CPU
		{72111327-A942-4F75-94E2-ABF2A687F08C}.Debug|Any CPU.ActiveCfg = Debug|Any CPU
		{72111327-A942-4F75-94E2-ABF2A687F08C}.Debug|Any CPU.Build.0 = Debug|Any CPU
		{72111327-A942-4F75-94E2-ABF2A687F08C}.Release|Any CPU.ActiveCfg = Release|Any CPU
		{72111327-A942-4F75-94E2-ABF2A687F08C}.Release|Any CPU.Build.0 = Release|Any CPU
		{9DE7551D-4265-4887-BB3E-94A2F4C764A8}.Debug|Any CPU.ActiveCfg = Debug|Any CPU
		{9DE7551D-4265-4887-BB3E-94A2F4C764A8}.Debug|Any CPU.Build.0 = Debug|Any CPU
		{9DE7551D-4265-4887-BB3E-94A2F4C764A8}.Release|Any CPU.ActiveCfg = Release|Any CPU
		{9DE7551D-4265-4887-BB3E-94A2F4C764A8}.Release|Any CPU.Build.0 = Release|Any CPU
		{1AC9E97F-596A-4D17-B2C2-F120F2A99F86}.Debug|Any CPU.ActiveCfg = Debug|Any CPU
		{1AC9E97F-596A-4D17-B2C2-F120F2A99F86}.Debug|Any CPU.Build.0 = Debug|Any CPU
		{1AC9E97F-596A-4D17-B2C2-F120F2A99F86}.Release|Any CPU.ActiveCfg = Release|Any CPU
		{1AC9E97F-596A-4D17-B2C2-F120F2A99F86}.Release|Any CPU.Build.0 = Release|Any CPU
		{95787395-66A9-45E8-B517-D70A89D6B454}.Debug|Any CPU.ActiveCfg = Debug|Any CPU
		{95787395-66A9-45E8-B517-D70A89D6B454}.Debug|Any CPU.Build.0 = Debug|Any CPU
		{95787395-66A9-45E8-B517-D70A89D6B454}.Release|Any CPU.ActiveCfg = Release|Any CPU
		{95787395-66A9-45E8-B517-D70A89D6B454}.Release|Any CPU.Build.0 = Release|Any CPU
		{35DB0CB8-20E9-4312-B8E5-89A604193E0D}.Debug|Any CPU.ActiveCfg = Debug|Any CPU
		{35DB0CB8-20E9-4312-B8E5-89A604193E0D}.Debug|Any CPU.Build.0 = Debug|Any CPU
		{35DB0CB8-20E9-4312-B8E5-89A604193E0D}.Release|Any CPU.ActiveCfg = Release|Any CPU
		{35DB0CB8-20E9-4312-B8E5-89A604193E0D}.Release|Any CPU.Build.0 = Release|Any CPU
		{68AF4AE9-905F-46C7-8755-FDE7450870E2}.Debug|Any CPU.ActiveCfg = Debug|Any CPU
		{68AF4AE9-905F-46C7-8755-FDE7450870E2}.Debug|Any CPU.Build.0 = Debug|Any CPU
		{68AF4AE9-905F-46C7-8755-FDE7450870E2}.Release|Any CPU.ActiveCfg = Release|Any CPU
		{68AF4AE9-905F-46C7-8755-FDE7450870E2}.Release|Any CPU.Build.0 = Release|Any CPU
		{C5D15C83-22A1-49F4-936C-422998917E0C}.Debug|Any CPU.ActiveCfg = Debug|Any CPU
		{C5D15C83-22A1-49F4-936C-422998917E0C}.Debug|Any CPU.Build.0 = Debug|Any CPU
		{C5D15C83-22A1-49F4-936C-422998917E0C}.Release|Any CPU.ActiveCfg = Release|Any CPU
		{C5D15C83-22A1-49F4-936C-422998917E0C}.Release|Any CPU.Build.0 = Release|Any CPU
		{1812668C-297C-4257-A507-18F3FA156A52}.Debug|Any CPU.ActiveCfg = Debug|Any CPU
		{1812668C-297C-4257-A507-18F3FA156A52}.Debug|Any CPU.Build.0 = Debug|Any CPU
		{1812668C-297C-4257-A507-18F3FA156A52}.Release|Any CPU.ActiveCfg = Release|Any CPU
		{1812668C-297C-4257-A507-18F3FA156A52}.Release|Any CPU.Build.0 = Release|Any CPU
	EndGlobalSection
	GlobalSection(SolutionProperties) = preSolution
		HideSolutionNode = FALSE
	EndGlobalSection
	GlobalSection(NestedProjects) = preSolution
		{D6525D91-EB14-49E6-9550-2338FA5BFA8D} = {D392FECE-3688-42B4-9DAE-3B8E5D2D2803}
		{182ED9CE-9688-456E-97A7-FD6BC374C000} = {F57D1AC3-8F31-42FC-94ED-EBCBF4989930}
		{F57D1AC3-8F31-42FC-94ED-EBCBF4989930} = {86EF8A53-CEA1-4FD0-869D-57FD561AD7CC}
		{9BC6BDB7-FD4C-41DC-93E0-FEB11D58F90F} = {F57D1AC3-8F31-42FC-94ED-EBCBF4989930}
		{D6342C8C-6C7C-491F-883F-B821B2826FEA} = {D392FECE-3688-42B4-9DAE-3B8E5D2D2803}
		{F9BC7282-6FC8-4F05-AAE4-598742524DEB} = {3CE206F8-D2FF-4CFF-9E80-CAEF18C9D90F}
		{F1FB6F5C-A0FB-4837-B9E4-DFFB524ED505} = {A3277737-5766-4EA0-945B-7BD5524CF094}
		{F4B907A1-E39C-4C2E-97CC-A8FABDEAB06A} = {A3277737-5766-4EA0-945B-7BD5524CF094}
		{B88E1A0B-7F81-4F4F-8307-C287F9A377EA} = {937DD41E-7CDC-45DB-AC60-FAF180CF4EB0}
		{72111327-A942-4F75-94E2-ABF2A687F08C} = {A3277737-5766-4EA0-945B-7BD5524CF094}
		{9DE7551D-4265-4887-BB3E-94A2F4C764A8} = {A3277737-5766-4EA0-945B-7BD5524CF094}
		{937DD41E-7CDC-45DB-AC60-FAF180CF4EB0} = {86EF8A53-CEA1-4FD0-869D-57FD561AD7CC}
		{A3277737-5766-4EA0-945B-7BD5524CF094} = {86EF8A53-CEA1-4FD0-869D-57FD561AD7CC}
		{1AC9E97F-596A-4D17-B2C2-F120F2A99F86} = {F57D1AC3-8F31-42FC-94ED-EBCBF4989930}
		{95787395-66A9-45E8-B517-D70A89D6B454} = {3CE206F8-D2FF-4CFF-9E80-CAEF18C9D90F}
		{35DB0CB8-20E9-4312-B8E5-89A604193E0D} = {3CE206F8-D2FF-4CFF-9E80-CAEF18C9D90F}
		{68AF4AE9-905F-46C7-8755-FDE7450870E2} = {936E7938-A366-4B62-9AA4-75146F31ADF9}
		{C5D15C83-22A1-49F4-936C-422998917E0C} = {936E7938-A366-4B62-9AA4-75146F31ADF9}
		{1812668C-297C-4257-A507-18F3FA156A52} = {F57D1AC3-8F31-42FC-94ED-EBCBF4989930}
	EndGlobalSection
	GlobalSection(ExtensibilityGlobals) = postSolution
		SolutionGuid = {485DB8AE-8869-4744-B61D-FC491D76D547}
	EndGlobalSection
EndGlobal
